
Microsoft Visual Studio Solution File, Format Version 12.00
# Visual Studio Version 17
VisualStudioVersion = 17.5.33530.505
MinimumVisualStudioVersion = 10.0.40219.1
Project("{F184B08F-C81C-45F6-A57F-5ABD9991F28F}") = "WpfApp1", "WpfApp1\WpfApp1.vbproj", "{06B91063-61E4-4FCB-9B74-4A78399413DF}"
EndProject
Global
	GlobalSection(SolutionConfigurationPlatforms) = preSolution
		Debug|Any CPU = Debug|Any CPU
		Release|Any CPU = Release|Any CPU
	EndGlobalSection
	GlobalSection(ProjectConfigurationPlatforms) = postSolution
		{06B91063-61E4-4FCB-9B74-4A78399413DF}.Debug|Any CPU.ActiveCfg = Debug|Any CPU
		{06B91063-61E4-4FCB-9B74-4A78399413DF}.Debug|Any CPU.Build.0 = Debug|Any CPU
		{06B91063-61E4-4FCB-9B74-4A78399413DF}.Release|Any CPU.ActiveCfg = Release|Any CPU
		{06B91063-61E4-4FCB-9B74-4A78399413DF}.Release|Any CPU.Build.0 = Release|Any CPU
	EndGlobalSection
	GlobalSection(SolutionProperties) = preSolution
		HideSolutionNode = FALSE
	EndGlobalSection
	GlobalSection(ExtensibilityGlobals) = postSolution
		SolutionGuid = {3D79B147-4965-4A61-90A1-B7312C28E592}
	EndGlobalSection
EndGlobal
